
Microsoft Visual Studio Solution File, Format Version 12.00
# Visual Studio 15
VisualStudioVersion = 15.0.28307.329
MinimumVisualStudioVersion = 10.0.40219.1
Project("{FAE04EC0-301F-11D3-BF4B-00C04F79EFBC}") = "CRUD.Android", "CRUD\CRUD.Android\CRUD.Android.csproj", "{8C762480-1374-41F3-A675-5D6167DB926F}"
EndProject
Project("{FAE04EC0-301F-11D3-BF4B-00C04F79EFBC}") = "CRUD.iOS", "CRUD\CRUD.iOS\CRUD.iOS.csproj", "{DA1D266A-6476-4E52-87FA-642C5C869183}"
EndProject
Project("{FAE04EC0-301F-11D3-BF4B-00C04F79EFBC}") = "CRUD.UWP", "CRUD\CRUD.UWP\CRUD.UWP.csproj", "{71DDCF2A-47DD-46D8-A990-5274E160268B}"
EndProject
Project("{FAE04EC0-301F-11D3-BF4B-00C04F79EFBC}") = "CRUD", "CRUD\CRUD\CRUD.csproj", "{DE8A9921-9E14-47E7-ADF6-7F9428E29478}"
EndProject
Global
	GlobalSection(SolutionConfigurationPlatforms) = preSolution
		Debug|Any CPU = Debug|Any CPU
		Debug|ARM = Debug|ARM
		Debug|iPhone = Debug|iPhone
		Debug|iPhoneSimulator = Debug|iPhoneSimulator
		Debug|x64 = Debug|x64
		Debug|x86 = Debug|x86
		Release|Any CPU = Release|Any CPU
		Release|ARM = Release|ARM
		Release|iPhone = Release|iPhone
		Release|iPhoneSimulator = Release|iPhoneSimulator
		Release|x64 = Release|x64
		Release|x86 = Release|x86
	EndGlobalSection
	GlobalSection(ProjectConfigurationPlatforms) = postSolution
		{8C762480-1374-41F3-A675-5D6167DB926F}.Debug|Any CPU.ActiveCfg = Debug|Any CPU
		{8C762480-1374-41F3-A675-5D6167DB926F}.Debug|Any CPU.Build.0 = Debug|Any CPU
		{8C762480-1374-41F3-A675-5D6167DB926F}.Debug|Any CPU.Deploy.0 = Debug|Any CPU
		{8C762480-1374-41F3-A675-5D6167DB926F}.Debug|ARM.ActiveCfg = Debug|Any CPU
		{8C762480-1374-41F3-A675-5D6167DB926F}.Debug|ARM.Build.0 = Debug|Any CPU
		{8C762480-1374-41F3-A675-5D6167DB926F}.Debug|ARM.Deploy.0 = Debug|Any CPU
		{8C762480-1374-41F3-A675-5D6167DB926F}.Debug|iPhone.ActiveCfg = Debug|Any CPU
		{8C762480-1374-41F3-A675-5D6167DB926F}.Debug|iPhone.Build.0 = Debug|Any CPU
		{8C762480-1374-41F3-A675-5D6167DB926F}.Debug|iPhone.Deploy.0 = Debug|Any CPU
		{8C762480-1374-41F3-A675-5D6167DB926F}.Debug|iPhoneSimulator.ActiveCfg = Debug|Any CPU
		{8C762480-1374-41F3-A675-5D6167DB926F}.Debug|iPhoneSimulator.Build.0 = Debug|Any CPU
		{8C762480-1374-41F3-A675-5D6167DB926F}.Debug|iPhoneSimulator.Deploy.0 = Debug|Any CPU
		{8C762480-1374-41F3-A675-5D6167DB926F}.Debug|x64.ActiveCfg = Debug|Any CPU
		{8C762480-1374-41F3-A675-5D6167DB926F}.Debug|x64.Build.0 = Debug|Any CPU
		{8C762480-1374-41F3-A675-5D6167DB926F}.Debug|x64.Deploy.0 = Debug|Any CPU
		{8C762480-1374-41F3-A675-5D6167DB926F}.Debug|x86.ActiveCfg = Debug|Any CPU
		{8C762480-1374-41F3-A675-5D6167DB926F}.Debug|x86.Build.0 = Debug|Any CPU
		{8C762480-1374-41F3-A675-5D6167DB926F}.Debug|x86.Deploy.0 = Debug|Any CPU
		{8C762480-1374-41F3-A675-5D6167DB926F}.Release|Any CPU.ActiveCfg = Release|Any CPU
		{8C762480-1374-41F3-A675-5D6167DB926F}.Release|Any CPU.Build.0 = Release|Any CPU
		{8C762480-1374-41F3-A675-5D6167DB926F}.Release|Any CPU.Deploy.0 = Release|Any CPU
		{8C762480-1374-41F3-A675-5D6167DB926F}.Release|ARM.ActiveCfg = Release|Any CPU
		{8C762480-1374-41F3-A675-5D6167DB926F}.Release|ARM.Build.0 = Release|Any CPU
		{8C762480-1374-41F3-A675-5D6167DB926F}.Release|ARM.Deploy.0 = Release|Any CPU
		{8C762480-1374-41F3-A675-5D6167DB926F}.Release|iPhone.ActiveCfg = Release|Any CPU
		{8C762480-1374-41F3-A675-5D6167DB926F}.Release|iPhone.Build.0 = Release|Any CPU
		{8C762480-1374-41F3-A675-5D6167DB926F}.Release|iPhone.Deploy.0 = Release|Any CPU
		{8C762480-1374-41F3-A675-5D6167DB926F}.Release|iPhoneSimulator.ActiveCfg = Release|Any CPU
		{8C762480-1374-41F3-A675-5D6167DB926F}.Release|iPhoneSimulator.Build.0 = Release|Any CPU
		{8C762480-1374-41F3-A675-5D6167DB926F}.Release|iPhoneSimulator.Deploy.0 = Release|Any CPU
		{8C762480-1374-41F3-A675-5D6167DB926F}.Release|x64.ActiveCfg = Release|Any CPU
		{8C762480-1374-41F3-A675-5D6167DB926F}.Release|x64.Build.0 = Release|Any CPU
		{8C762480-1374-41F3-A675-5D6167DB926F}.Release|x64.Deploy.0 = Release|Any CPU
		{8C762480-1374-41F3-A675-5D6167DB926F}.Release|x86.ActiveCfg = Release|Any CPU
		{8C762480-1374-41F3-A675-5D6167DB926F}.Release|x86.Build.0 = Release|Any CPU
		{8C762480-1374-41F3-A675-5D6167DB926F}.Release|x86.Deploy.0 = Release|Any CPU
		{DA1D266A-6476-4E52-87FA-642C5C869183}.Debug|Any CPU.ActiveCfg = Debug|iPhoneSimulator
		{DA1D266A-6476-4E52-87FA-642C5C869183}.Debug|Any CPU.Build.0 = Debug|iPhoneSimulator
		{DA1D266A-6476-4E52-87FA-642C5C869183}.Debug|Any CPU.Deploy.0 = Debug|iPhoneSimulator
		{DA1D266A-6476-4E52-87FA-642C5C869183}.Debug|ARM.ActiveCfg = Debug|iPhone
		{DA1D266A-6476-4E52-87FA-642C5C869183}.Debug|ARM.Build.0 = Debug|iPhone
		{DA1D266A-6476-4E52-87FA-642C5C869183}.Debug|ARM.Deploy.0 = Debug|iPhone
		{DA1D266A-6476-4E52-87FA-642C5C869183}.Debug|iPhone.ActiveCfg = Debug|iPhone
		{DA1D266A-6476-4E52-87FA-642C5C869183}.Debug|iPhone.Build.0 = Debug|iPhone
		{DA1D266A-6476-4E52-87FA-642C5C869183}.Debug|iPhone.Deploy.0 = Debug|iPhone
		{DA1D266A-6476-4E52-87FA-642C5C869183}.Debug|iPhoneSimulator.ActiveCfg = Debug|iPhoneSimulator
		{DA1D266A-6476-4E52-87FA-642C5C869183}.Debug|iPhoneSimulator.Build.0 = Debug|iPhoneSimulator
		{DA1D266A-6476-4E52-87FA-642C5C869183}.Debug|iPhoneSimulator.Deploy.0 = Debug|iPhoneSimulator
		{DA1D266A-6476-4E52-87FA-642C5C869183}.Debug|x64.ActiveCfg = Debug|iPhone
		{DA1D266A-6476-4E52-87FA-642C5C869183}.Debug|x64.Build.0 = Debug|iPhone
		{DA1D266A-6476-4E52-87FA-642C5C869183}.Debug|x64.Deploy.0 = Debug|iPhone
		{DA1D266A-6476-4E52-87FA-642C5C869183}.Debug|x86.ActiveCfg = Debug|iPhone
		{DA1D266A-6476-4E52-87FA-642C5C869183}.Debug|x86.Build.0 = Debug|iPhone
		{DA1D266A-6476-4E52-87FA-642C5C869183}.Debug|x86.Deploy.0 = Debug|iPhone
		{DA1D266A-6476-4E52-87FA-642C5C869183}.Release|Any CPU.ActiveCfg = Release|iPhone
		{DA1D266A-6476-4E52-87FA-642C5C869183}.Release|Any CPU.Build.0 = Release|iPhone
		{DA1D266A-6476-4E52-87FA-642C5C869183}.Release|Any CPU.Deploy.0 = Release|iPhone
		{DA1D266A-6476-4E52-87FA-642C5C869183}.Release|ARM.ActiveCfg = Release|iPhone
		{DA1D266A-6476-4E52-87FA-642C5C869183}.Release|ARM.Build.0 = Release|iPhone
		{DA1D266A-6476-4E52-87FA-642C5C869183}.Release|ARM.Deploy.0 = Release|iPhone
		{DA1D266A-6476-4E52-87FA-642C5C869183}.Release|iPhone.ActiveCfg = Release|iPhone
		{DA1D266A-6476-4E52-87FA-642C5C869183}.Release|iPhone.Build.0 = Release|iPhone
		{DA1D266A-6476-4E52-87FA-642C5C869183}.Release|iPhone.Deploy.0 = Release|iPhone
		{DA1D266A-6476-4E52-87FA-642C5C869183}.Release|iPhoneSimulator.ActiveCfg = Release|iPhoneSimulator
		{DA1D266A-6476-4E52-87FA-642C5C869183}.Release|iPhoneSimulator.Build.0 = Release|iPhoneSimulator
		{DA1D266A-6476-4E52-87FA-642C5C869183}.Release|iPhoneSimulator.Deploy.0 = Release|iPhoneSimulator
		{DA1D266A-6476-4E52-87FA-642C5C869183}.Release|x64.ActiveCfg = Release|iPhone
		{DA1D266A-6476-4E52-87FA-642C5C869183}.Release|x64.Build.0 = Release|iPhone
		{DA1D266A-6476-4E52-87FA-642C5C869183}.Release|x64.Deploy.0 = Release|iPhone
		{DA1D266A-6476-4E52-87FA-642C5C869183}.Release|x86.ActiveCfg = Release|iPhone
		{DA1D266A-6476-4E52-87FA-642C5C869183}.Release|x86.Build.0 = Release|iPhone
		{DA1D266A-6476-4E52-87FA-642C5C869183}.Release|x86.Deploy.0 = Release|iPhone
		{71DDCF2A-47DD-46D8-A990-5274E160268B}.Debug|Any CPU.ActiveCfg = Debug|x86
		{71DDCF2A-47DD-46D8-A990-5274E160268B}.Debug|Any CPU.Build.0 = Debug|x86
		{71DDCF2A-47DD-46D8-A990-5274E160268B}.Debug|Any CPU.Deploy.0 = Debug|x86
		{71DDCF2A-47DD-46D8-A990-5274E160268B}.Debug|ARM.ActiveCfg = Debug|ARM
		{71DDCF2A-47DD-46D8-A990-5274E160268B}.Debug|ARM.Build.0 = Debug|ARM
		{71DDCF2A-47DD-46D8-A990-5274E160268B}.Debug|ARM.Deploy.0 = Debug|ARM
		{71DDCF2A-47DD-46D8-A990-5274E160268B}.Debug|iPhone.ActiveCfg = Debug|x86
		{71DDCF2A-47DD-46D8-A990-5274E160268B}.Debug|iPhone.Build.0 = Debug|x86
		{71DDCF2A-47DD-46D8-A990-5274E160268B}.Debug|iPhone.Deploy.0 = Debug|x86
		{71DDCF2A-47DD-46D8-A990-5274E160268B}.Debug|iPhoneSimulator.ActiveCfg = Debug|x86
		{71DDCF2A-47DD-46D8-A990-5274E160268B}.Debug|iPhoneSimulator.Build.0 = Debug|x86
		{71DDCF2A-47DD-46D8-A990-5274E160268B}.Debug|iPhoneSimulator.Deploy.0 = Debug|x86
		{71DDCF2A-47DD-46D8-A990-5274E160268B}.Debug|x64.ActiveCfg = Debug|x64
		{71DDCF2A-47DD-46D8-A990-5274E160268B}.Debug|x64.Build.0 = Debug|x64
		{71DDCF2A-47DD-46D8-A990-5274E160268B}.Debug|x64.Deploy.0 = Debug|x64
		{71DDCF2A-47DD-46D8-A990-5274E160268B}.Debug|x86.ActiveCfg = Debug|x86
		{71DDCF2A-47DD-46D8-A990-5274E160268B}.Debug|x86.Build.0 = Debug|x86
		{71DDCF2A-47DD-46D8-A990-5274E160268B}.Debug|x86.Deploy.0 = Debug|x86
		{71DDCF2A-47DD-46D8-A990-5274E160268B}.Release|Any CPU.ActiveCfg = Release|x86
		{71DDCF2A-47DD-46D8-A990-5274E160268B}.Release|Any CPU.Build.0 = Release|x86
		{71DDCF2A-47DD-46D8-A990-5274E160268B}.Release|Any CPU.Deploy.0 = Release|x86
		{71DDCF2A-47DD-46D8-A990-5274E160268B}.Release|ARM.ActiveCfg = Release|ARM
		{71DDCF2A-47DD-46D8-A990-5274E160268B}.Release|ARM.Build.0 = Release|ARM
		{71DDCF2A-47DD-46D8-A990-5274E160268B}.Release|ARM.Deploy.0 = Release|ARM
		{71DDCF2A-47DD-46D8-A990-5274E160268B}.Release|iPhone.ActiveCfg = Release|x86
		{71DDCF2A-47DD-46D8-A990-5274E160268B}.Release|iPhone.Build.0 = Release|x86
		{71DDCF2A-47DD-46D8-A990-5274E160268B}.Release|iPhone.Deploy.0 = Release|x86
		{71DDCF2A-47DD-46D8-A990-5274E160268B}.Release|iPhoneSimulator.ActiveCfg = Release|x86
		{71DDCF2A-47DD-46D8-A990-5274E160268B}.Release|iPhoneSimulator.Build.0 = Release|x86
		{71DDCF2A-47DD-46D8-A990-5274E160268B}.Release|iPhoneSimulator.Deploy.0 = Release|x86
		{71DDCF2A-47DD-46D8-A990-5274E160268B}.Release|x64.ActiveCfg = Release|x64
		{71DDCF2A-47DD-46D8-A990-5274E160268B}.Release|x64.Build.0 = Release|x64
		{71DDCF2A-47DD-46D8-A990-5274E160268B}.Release|x64.Deploy.0 = Release|x64
		{71DDCF2A-47DD-46D8-A990-5274E160268B}.Release|x86.ActiveCfg = Release|x86
		{71DDCF2A-47DD-46D8-A990-5274E160268B}.Release|x86.Build.0 = Release|x86
		{71DDCF2A-47DD-46D8-A990-5274E160268B}.Release|x86.Deploy.0 = Release|x86
		{DE8A9921-9E14-47E7-ADF6-7F9428E29478}.Debug|Any CPU.ActiveCfg = Debug|Any CPU
		{DE8A9921-9E14-47E7-ADF6-7F9428E29478}.Debug|Any CPU.Build.0 = Debug|Any CPU
		{DE8A9921-9E14-47E7-ADF6-7F9428E29478}.Debug|Any CPU.Deploy.0 = Debug|Any CPU
		{DE8A9921-9E14-47E7-ADF6-7F9428E29478}.Debug|ARM.ActiveCfg = Debug|Any CPU
		{DE8A9921-9E14-47E7-ADF6-7F9428E29478}.Debug|ARM.Build.0 = Debug|Any CPU
		{DE8A9921-9E14-47E7-ADF6-7F9428E29478}.Debug|ARM.Deploy.0 = Debug|Any CPU
		{DE8A9921-9E14-47E7-ADF6-7F9428E29478}.Debug|iPhone.ActiveCfg = Debug|Any CPU
		{DE8A9921-9E14-47E7-ADF6-7F9428E29478}.Debug|iPhone.Build.0 = Debug|Any CPU
		{DE8A9921-9E14-47E7-ADF6-7F9428E29478}.Debug|iPhone.Deploy.0 = Debug|Any CPU
		{DE8A9921-9E14-47E7-ADF6-7F9428E29478}.Debug|iPhoneSimulator.ActiveCfg = Debug|Any CPU
		{DE8A9921-9E14-47E7-ADF6-7F9428E29478}.Debug|iPhoneSimulator.Build.0 = Debug|Any CPU
		{DE8A9921-9E14-47E7-ADF6-7F9428E29478}.Debug|iPhoneSimulator.Deploy.0 = Debug|Any CPU
		{DE8A9921-9E14-47E7-ADF6-7F9428E29478}.Debug|x64.ActiveCfg = Debug|Any CPU
		{DE8A9921-9E14-47E7-ADF6-7F9428E29478}.Debug|x64.Build.0 = Debug|Any CPU
		{DE8A9921-9E14-47E7-ADF6-7F9428E29478}.Debug|x64.Deploy.0 = Debug|Any CPU
		{DE8A9921-9E14-47E7-ADF6-7F9428E29478}.Debug|x86.ActiveCfg = Debug|Any CPU
		{DE8A9921-9E14-47E7-ADF6-7F9428E29478}.Debug|x86.Build.0 = Debug|Any CPU
		{DE8A9921-9E14-47E7-ADF6-7F9428E29478}.Debug|x86.Deploy.0 = Debug|Any CPU
		{DE8A9921-9E14-47E7-ADF6-7F9428E29478}.Release|Any CPU.ActiveCfg = Release|Any CPU
		{DE8A9921-9E14-47E7-ADF6-7F9428E29478}.Release|Any CPU.Build.0 = Release|Any CPU
		{DE8A9921-9E14-47E7-ADF6-7F9428E29478}.Release|Any CPU.Deploy.0 = Release|Any CPU
		{DE8A9921-9E14-47E7-ADF6-7F9428E29478}.Release|ARM.ActiveCfg = Release|Any CPU
		{DE8A9921-9E14-47E7-ADF6-7F9428E29478}.Release|ARM.Build.0 = Release|Any CPU
		{DE8A9921-9E14-47E7-ADF6-7F9428E29478}.Release|ARM.Deploy.0 = Release|Any CPU
		{DE8A9921-9E14-47E7-ADF6-7F9428E29478}.Release|iPhone.ActiveCfg = Release|Any CPU
		{DE8A9921-9E14-47E7-ADF6-7F9428E29478}.Release|iPhone.Build.0 = Release|Any CPU
		{DE8A9921-9E14-47E7-ADF6-7F9428E29478}.Release|iPhone.Deploy.0 = Release|Any CPU
		{DE8A9921-9E14-47E7-ADF6-7F9428E29478}.Release|iPhoneSimulator.ActiveCfg = Release|Any CPU
		{DE8A9921-9E14-47E7-ADF6-7F9428E29478}.Release|iPhoneSimulator.Build.0 = Release|Any CPU
		{DE8A9921-9E14-47E7-ADF6-7F9428E29478}.Release|iPhoneSimulator.Deploy.0 = Release|Any CPU
		{DE8A9921-9E14-47E7-ADF6-7F9428E29478}.Release|x64.ActiveCfg = Release|Any CPU
		{DE8A9921-9E14-47E7-ADF6-7F9428E29478}.Release|x64.Build.0 = Release|Any CPU
		{DE8A9921-9E14-47E7-ADF6-7F9428E29478}.Release|x64.Deploy.0 = Release|Any CPU
		{DE8A9921-9E14-47E7-ADF6-7F9428E29478}.Release|x86.ActiveCfg = Release|Any CPU
		{DE8A9921-9E14-47E7-ADF6-7F9428E29478}.Release|x86.Build.0 = Release|Any CPU
		{DE8A9921-9E14-47E7-ADF6-7F9428E29478}.Release|x86.Deploy.0 = Release|Any CPU
	EndGlobalSection
	GlobalSection(SolutionProperties) = preSolution
		HideSolutionNode = FALSE
	EndGlobalSection
	GlobalSection(ExtensibilityGlobals) = postSolution
		SolutionGuid = {12ECC4E2-560D-4B36-A718-31165BC19E98}
	EndGlobalSection
EndGlobal
